// !$*UTF8*$!
{
	archiveVersion = 1;
	classes = {
	};
	objectVersion = 56;
	objects = {

/* Begin PBXBuildFile section */
		A4AB6600291E6C09009F4461 /* AppDelegate.m in Sources */ = {isa = PBXBuildFile; fileRef = A4AB65FF291E6C09009F4461 /* AppDelegate.m */; };
		A4AB6603291E6C09009F4461 /* SceneDelegate.m in Sources */ = {isa = PBXBuildFile; fileRef = A4AB6602291E6C09009F4461 /* SceneDelegate.m */; };
		A4AB6606291E6C09009F4461 /* ViewController.m in Sources */ = {isa = PBXBuildFile; fileRef = A4AB6605291E6C09009F4461 /* ViewController.m */; };
		A4AB6609291E6C09009F4461 /* Main.storyboard in Resources */ = {isa = PBXBuildFile; fileRef = A4AB6607291E6C09009F4461 /* Main.storyboard */; };
		A4AB660C291E6C09009F4461 /* WayApp.xcdatamodeld in Sources */ = {isa = PBXBuildFile; fileRef = A4AB660A291E6C09009F4461 /* WayApp.xcdatamodeld */; };
		A4AB660E291E6C0D009F4461 /* Assets.xcassets in Resources */ = {isa = PBXBuildFile; fileRef = A4AB660D291E6C0D009F4461 /* Assets.xcassets */; };
		A4AB6611291E6C0D009F4461 /* LaunchScreen.storyboard in Resources */ = {isa = PBXBuildFile; fileRef = A4AB660F291E6C0D009F4461 /* LaunchScreen.storyboard */; };
		A4AB6614291E6C0D009F4461 /* main.m in Sources */ = {isa = PBXBuildFile; fileRef = A4AB6613291E6C0D009F4461 /* main.m */; };
		A4AB661E291E6C0D009F4461 /* WayAppTests.m in Sources */ = {isa = PBXBuildFile; fileRef = A4AB661D291E6C0D009F4461 /* WayAppTests.m */; };
		A4AB6628291E6C0E009F4461 /* WayAppUITests.m in Sources */ = {isa = PBXBuildFile; fileRef = A4AB6627291E6C0E009F4461 /* WayAppUITests.m */; };
		A4AB662A291E6C0E009F4461 /* WayAppUITestsLaunchTests.m in Sources */ = {isa = PBXBuildFile; fileRef = A4AB6629291E6C0E009F4461 /* WayAppUITestsLaunchTests.m */; };
/* End PBXBuildFile section */

/* Begin PBXContainerItemProxy section */
		A4AB661A291E6C0D009F4461 /* PBXContainerItemProxy */ = {
			isa = PBXContainerItemProxy;
			containerPortal = A4AB65F3291E6C08009F4461 /* Project object */;
			proxyType = 1;
			remoteGlobalIDString = A4AB65FA291E6C09009F4461;
			remoteInfo = WayApp;
		};
		A4AB6624291E6C0E009F4461 /* PBXContainerItemProxy */ = {
			isa = PBXContainerItemProxy;
			containerPortal = A4AB65F3291E6C08009F4461 /* Project object */;
			proxyType = 1;
			remoteGlobalIDString = A4AB65FA291E6C09009F4461;
			remoteInfo = WayApp;
		};
/* End PBXContainerItemProxy section */

/* Begin PBXFileReference section */
		A4AB65FB291E6C09009F4461 /* WayApp.app */ = {isa = PBXFileReference; explicitFileType = wrapper.application; includeInIndex = 0; path = WayApp.app; sourceTree = BUILT_PRODUCTS_DIR; };
		A4AB65FE291E6C09009F4461 /* AppDelegate.h */ = {isa = PBXFileReference; lastKnownFileType = sourcecode.c.h; path = AppDelegate.h; sourceTree = "<group>"; };
		A4AB65FF291E6C09009F4461 /* AppDelegate.m */ = {isa = PBXFileReference; lastKnownFileType = sourcecode.c.objc; path = AppDelegate.m; sourceTree = "<group>"; };
		A4AB6601291E6C09009F4461 /* SceneDelegate.h */ = {isa = PBXFileReference; lastKnownFileType = sourcecode.c.h; path = SceneDelegate.h; sourceTree = "<group>"; };
		A4AB6602291E6C09009F4461 /* SceneDelegate.m */ = {isa = PBXFileReference; lastKnownFileType = sourcecode.c.objc; path = SceneDelegate.m; sourceTree = "<group>"; };
		A4AB6604291E6C09009F4461 /* ViewController.h */ = {isa = PBXFileReference; lastKnownFileType = sourcecode.c.h; path = ViewController.h; sourceTree = "<group>"; };
		A4AB6605291E6C09009F4461 /* ViewController.m */ = {isa = PBXFileReference; lastKnownFileType = sourcecode.c.objc; path = ViewController.m; sourceTree = "<group>"; };
		A4AB6608291E6C09009F4461 /* Base */ = {isa = PBXFileReference; lastKnownFileType = file.storyboard; name = Base; path = Base.lproj/Main.storyboard; sourceTree = "<group>"; };
		A4AB660B291E6C09009F4461 /* WayApp.xcdatamodel */ = {isa = PBXFileReference; lastKnownFileType = wrapper.xcdatamodel; path = WayApp.xcdatamodel; sourceTree = "<group>"; };
		A4AB660D291E6C0D009F4461 /* Assets.xcassets */ = {isa = PBXFileReference; lastKnownFileType = folder.assetcatalog; path = Assets.xcassets; sourceTree = "<group>"; };
		A4AB6610291E6C0D009F4461 /* Base */ = {isa = PBXFileReference; lastKnownFileType = file.storyboard; name = Base; path = Base.lproj/LaunchScreen.storyboard; sourceTree = "<group>"; };
		A4AB6612291E6C0D009F4461 /* Info.plist */ = {isa = PBXFileReference; lastKnownFileType = text.plist.xml; path = Info.plist; sourceTree = "<group>"; };
		A4AB6613291E6C0D009F4461 /* main.m */ = {isa = PBXFileReference; lastKnownFileType = sourcecode.c.objc; path = main.m; sourceTree = "<group>"; };
		A4AB6619291E6C0D009F4461 /* WayAppTests.xctest */ = {isa = PBXFileReference; explicitFileType = wrapper.cfbundle; includeInIndex = 0; path = WayAppTests.xctest; sourceTree = BUILT_PRODUCTS_DIR; };
		A4AB661D291E6C0D009F4461 /* WayAppTests.m */ = {isa = PBXFileReference; lastKnownFileType = sourcecode.c.objc; path = WayAppTests.m; sourceTree = "<group>"; };
		A4AB6623291E6C0E009F4461 /* WayAppUITests.xctest */ = {isa = PBXFileReference; explicitFileType = wrapper.cfbundle; includeInIndex = 0; path = WayAppUITests.xctest; sourceTree = BUILT_PRODUCTS_DIR; };
		A4AB6627291E6C0E009F4461 /* WayAppUITests.m */ = {isa = PBXFileReference; lastKnownFileType = sourcecode.c.objc; path = WayAppUITests.m; sourceTree = "<group>"; };
		A4AB6629291E6C0E009F4461 /* WayAppUITestsLaunchTests.m */ = {isa = PBXFileReference; lastKnownFileType = sourcecode.c.objc; path = WayAppUITestsLaunchTests.m; sourceTree = "<group>"; };
/* End PBXFileReference section */

/* Begin PBXFrameworksBuildPhase section */
		A4AB65F8291E6C09009F4461 /* Frameworks */ = {
			isa = PBXFrameworksBuildPhase;
			buildActionMask = 2147483647;
			files = (
			);
			runOnlyForDeploymentPostprocessing = 0;
		};
		A4AB6616291E6C0D009F4461 /* Frameworks */ = {
			isa = PBXFrameworksBuildPhase;
			buildActionMask = 2147483647;
			files = (
			);
			runOnlyForDeploymentPostprocessing = 0;
		};
		A4AB6620291E6C0E009F4461 /* Frameworks */ = {
			isa = PBXFrameworksBuildPhase;
			buildActionMask = 2147483647;
			files = (
			);
			runOnlyForDeploymentPostprocessing = 0;
		};
/* End PBXFrameworksBuildPhase section */

/* Begin PBXGroup section */
		A4AB65F2291E6C08009F4461 = {
			isa = PBXGroup;
			children = (
				A4AB65FD291E6C09009F4461 /* WayApp */,
				A4AB661C291E6C0D009F4461 /* WayAppTests */,
				A4AB6626291E6C0E009F4461 /* WayAppUITests */,
				A4AB65FC291E6C09009F4461 /* Products */,
			);
			sourceTree = "<group>";
		};
		A4AB65FC291E6C09009F4461 /* Products */ = {
			isa = PBXGroup;
			children = (
				A4AB65FB291E6C09009F4461 /* WayApp.app */,
				A4AB6619291E6C0D009F4461 /* WayAppTests.xctest */,
				A4AB6623291E6C0E009F4461 /* WayAppUITests.xctest */,
			);
			name = Products;
			sourceTree = "<group>";
		};
		A4AB65FD291E6C09009F4461 /* WayApp */ = {
			isa = PBXGroup;
			children = (
				A4AB65FE291E6C09009F4461 /* AppDelegate.h */,
				A4AB65FF291E6C09009F4461 /* AppDelegate.m */,
				A4AB6601291E6C09009F4461 /* SceneDelegate.h */,
				A4AB6602291E6C09009F4461 /* SceneDelegate.m */,
				A4AB6604291E6C09009F4461 /* ViewController.h */,
				A4AB6605291E6C09009F4461 /* ViewController.m */,
				A4AB6607291E6C09009F4461 /* Main.storyboard */,
				A4AB660D291E6C0D009F4461 /* Assets.xcassets */,
				A4AB660F291E6C0D009F4461 /* LaunchScreen.storyboard */,
				A4AB6612291E6C0D009F4461 /* Info.plist */,
				A4AB6613291E6C0D009F4461 /* main.m */,
				A4AB660A291E6C09009F4461 /* WayApp.xcdatamodeld */,
			);
			path = WayApp;
			sourceTree = "<group>";
		};
		A4AB661C291E6C0D009F4461 /* WayAppTests */ = {
			isa = PBXGroup;
			children = (
				A4AB661D291E6C0D009F4461 /* WayAppTests.m */,
			);
			path = WayAppTests;
			sourceTree = "<group>";
		};
		A4AB6626291E6C0E009F4461 /* WayAppUITests */ = {
			isa = PBXGroup;
			children = (
				A4AB6627291E6C0E009F4461 /* WayAppUITests.m */,
				A4AB6629291E6C0E009F4461 /* WayAppUITestsLaunchTests.m */,
			);
			path = WayAppUITests;
			sourceTree = "<group>";
		};
/* End PBXGroup section */

/* Begin PBXNativeTarget section */
		A4AB65FA291E6C09009F4461 /* WayApp */ = {
			isa = PBXNativeTarget;
			buildConfigurationList = A4AB662D291E6C0E009F4461 /* Build configuration list for PBXNativeTarget "WayApp" */;
			buildPhases = (
				A4AB65F7291E6C09009F4461 /* Sources */,
				A4AB65F8291E6C09009F4461 /* Frameworks */,
				A4AB65F9291E6C09009F4461 /* Resources */,
			);
			buildRules = (
			);
			dependencies = (
			);
			name = WayApp;
			productName = WayApp;
			productReference = A4AB65FB291E6C09009F4461 /* WayApp.app */;
			productType = "com.apple.product-type.application";
		};
		A4AB6618291E6C0D009F4461 /* WayAppTests */ = {
			isa = PBXNativeTarget;
			buildConfigurationList = A4AB6630291E6C0E009F4461 /* Build configuration list for PBXNativeTarget "WayAppTests" */;
			buildPhases = (
				A4AB6615291E6C0D009F4461 /* Sources */,
				A4AB6616291E6C0D009F4461 /* Frameworks */,
				A4AB6617291E6C0D009F4461 /* Resources */,
			);
			buildRules = (
			);
			dependencies = (
				A4AB661B291E6C0D009F4461 /* PBXTargetDependency */,
			);
			name = WayAppTests;
			productName = WayAppTests;
			productReference = A4AB6619291E6C0D009F4461 /* WayAppTests.xctest */;
			productType = "com.apple.product-type.bundle.unit-test";
		};
		A4AB6622291E6C0E009F4461 /* WayAppUITests */ = {
			isa = PBXNativeTarget;
			buildConfigurationList = A4AB6633291E6C0E009F4461 /* Build configuration list for PBXNativeTarget "WayAppUITests" */;
			buildPhases = (
				A4AB661F291E6C0E009F4461 /* Sources */,
				A4AB6620291E6C0E009F4461 /* Frameworks */,
				A4AB6621291E6C0E009F4461 /* Resources */,
			);
			buildRules = (
			);
			dependencies = (
				A4AB6625291E6C0E009F4461 /* PBXTargetDependency */,
			);
			name = WayAppUITests;
			productName = WayAppUITests;
			productReference = A4AB6623291E6C0E009F4461 /* WayAppUITests.xctest */;
			productType = "com.apple.product-type.bundle.ui-testing";
		};
/* End PBXNativeTarget section */

/* Begin PBXProject section */
		A4AB65F3291E6C08009F4461 /* Project object */ = {
			isa = PBXProject;
			attributes = {
				BuildIndependentTargetsInParallel = 1;
				LastUpgradeCheck = 1410;
				TargetAttributes = {
					A4AB65FA291E6C09009F4461 = {
						CreatedOnToolsVersion = 14.1;
					};
					A4AB6618291E6C0D009F4461 = {
						CreatedOnToolsVersion = 14.1;
						TestTargetID = A4AB65FA291E6C09009F4461;
					};
					A4AB6622291E6C0E009F4461 = {
						CreatedOnToolsVersion = 14.1;
						TestTargetID = A4AB65FA291E6C09009F4461;
					};
				};
			};
			buildConfigurationList = A4AB65F6291E6C08009F4461 /* Build configuration list for PBXProject "WayApp" */;
			compatibilityVersion = "Xcode 14.0";
			developmentRegion = en;
			hasScannedForEncodings = 0;
			knownRegions = (
				en,
				Base,
			);
			mainGroup = A4AB65F2291E6C08009F4461;
			productRefGroup = A4AB65FC291E6C09009F4461 /* Products */;
			projectDirPath = "";
			projectRoot = "";
			targets = (
				A4AB65FA291E6C09009F4461 /* WayApp */,
				A4AB6618291E6C0D009F4461 /* WayAppTests */,
				A4AB6622291E6C0E009F4461 /* WayAppUITests */,
			);
		};
/* End PBXProject section */

/* Begin PBXResourcesBuildPhase section */
		A4AB65F9291E6C09009F4461 /* Resources */ = {
			isa = PBXResourcesBuildPhase;
			buildActionMask = 2147483647;
			files = (
				A4AB6611291E6C0D009F4461 /* LaunchScreen.storyboard in Resources */,
				A4AB660E291E6C0D009F4461 /* Assets.xcassets in Resources */,
				A4AB6609291E6C09009F4461 /* Main.storyboard in Resources */,
			);
			runOnlyForDeploymentPostprocessing = 0;
		};
		A4AB6617291E6C0D009F4461 /* Resources */ = {
			isa = PBXResourcesBuildPhase;
			buildActionMask = 2147483647;
			files = (
			);
			runOnlyForDeploymentPostprocessing = 0;
		};
		A4AB6621291E6C0E009F4461 /* Resources */ = {
			isa = PBXResourcesBuildPhase;
			buildActionMask = 2147483647;
			files = (
			);
			runOnlyForDeploymentPostprocessing = 0;
		};
/* End PBXResourcesBuildPhase section */

/* Begin PBXSourcesBuildPhase section */
		A4AB65F7291E6C09009F4461 /* Sources */ = {
			isa = PBXSourcesBuildPhase;
			buildActionMask = 2147483647;
			files = (
				A4AB6614291E6C0D009F4461 /* main.m in Sources */,
				A4AB6606291E6C09009F4461 /* ViewController.m in Sources */,
				A4AB660C291E6C09009F4461 /* WayApp.xcdatamodeld in Sources */,
				A4AB6600291E6C09009F4461 /* AppDelegate.m in Sources */,
				A4AB6603291E6C09009F4461 /* SceneDelegate.m in Sources */,
			);
			runOnlyForDeploymentPostprocessing = 0;
		};
		A4AB6615291E6C0D009F4461 /* Sources */ = {
			isa = PBXSourcesBuildPhase;
			buildActionMask = 2147483647;
			files = (
				A4AB661E291E6C0D009F4461 /* WayAppTests.m in Sources */,
			);
			runOnlyForDeploymentPostprocessing = 0;
		};
		A4AB661F291E6C0E009F4461 /* Sources */ = {
			isa = PBXSourcesBuildPhase;
			buildActionMask = 2147483647;
			files = (
				A4AB662A291E6C0E009F4461 /* WayAppUITestsLaunchTests.m in Sources */,
				A4AB6628291E6C0E009F4461 /* WayAppUITests.m in Sources */,
			);
			runOnlyForDeploymentPostprocessing = 0;
		};
/* End PBXSourcesBuildPhase section */

/* Begin PBXTargetDependency section */
		A4AB661B291E6C0D009F4461 /* PBXTargetDependency */ = {
			isa = PBXTargetDependency;
			target = A4AB65FA291E6C09009F4461 /* WayApp */;
			targetProxy = A4AB661A291E6C0D009F4461 /* PBXContainerItemProxy */;
		};
		A4AB6625291E6C0E009F4461 /* PBXTargetDependency */ = {
			isa = PBXTargetDependency;
			target = A4AB65FA291E6C09009F4461 /* WayApp */;
			targetProxy = A4AB6624291E6C0E009F4461 /* PBXContainerItemProxy */;
		};
/* End PBXTargetDependency section */

/* Begin PBXVariantGroup section */
		A4AB6607291E6C09009F4461 /* Main.storyboard */ = {
			isa = PBXVariantGroup;
			children = (
				A4AB6608291E6C09009F4461 /* Base */,
			);
			name = Main.storyboard;
			sourceTree = "<group>";
		};
		A4AB660F291E6C0D009F4461 /* LaunchScreen.storyboard */ = {
			isa = PBXVariantGroup;
			children = (
				A4AB6610291E6C0D009F4461 /* Base */,
			);
			name = LaunchScreen.storyboard;
			sourceTree = "<group>";
		};
/* End PBXVariantGroup section */

/* Begin XCBuildConfiguration section */
		A4AB662B291E6C0E009F4461 /* Debug */ = {
			isa = XCBuildConfiguration;
			buildSettings = {
				ALWAYS_SEARCH_USER_PATHS = NO;
				CLANG_ANALYZER_NONNULL = YES;
				CLANG_ANALYZER_NUMBER_OBJECT_CONVERSION = YES_AGGRESSIVE;
				CLANG_CXX_LANGUAGE_STANDARD = "gnu++20";
				CLANG_ENABLE_MODULES = YES;
				CLANG_ENABLE_OBJC_ARC = YES;
				CLANG_ENABLE_OBJC_WEAK = YES;
				CLANG_WARN_BLOCK_CAPTURE_AUTORELEASING = YES;
				CLANG_WARN_BOOL_CONVERSION = YES;
				CLANG_WARN_COMMA = YES;
				CLANG_WARN_CONSTANT_CONVERSION = YES;
				CLANG_WARN_DEPRECATED_OBJC_IMPLEMENTATIONS = YES;
				CLANG_WARN_DIRECT_OBJC_ISA_USAGE = YES_ERROR;
				CLANG_WARN_DOCUMENTATION_COMMENTS = YES;
				CLANG_WARN_EMPTY_BODY = YES;
				CLANG_WARN_ENUM_CONVERSION = YES;
				CLANG_WARN_INFINITE_RECURSION = YES;
				CLANG_WARN_INT_CONVERSION = YES;
				CLANG_WARN_NON_LITERAL_NULL_CONVERSION = YES;
				CLANG_WARN_OBJC_IMPLICIT_RETAIN_SELF = YES;
				CLANG_WARN_OBJC_LITERAL_CONVERSION = YES;
				CLANG_WARN_OBJC_ROOT_CLASS = YES_ERROR;
				CLANG_WARN_QUOTED_INCLUDE_IN_FRAMEWORK_HEADER = YES;
				CLANG_WARN_RANGE_LOOP_ANALYSIS = YES;
				CLANG_WARN_STRICT_PROTOTYPES = YES;
				CLANG_WARN_SUSPICIOUS_MOVE = YES;
				CLANG_WARN_UNGUARDED_AVAILABILITY = YES_AGGRESSIVE;
				CLANG_WARN_UNREACHABLE_CODE = YES;
				CLANG_WARN__DUPLICATE_METHOD_MATCH = YES;
				COPY_PHASE_STRIP = NO;
				DEBUG_INFORMATION_FORMAT = dwarf;
				ENABLE_STRICT_OBJC_MSGSEND = YES;
				ENABLE_TESTABILITY = YES;
				GCC_C_LANGUAGE_STANDARD = gnu11;
				GCC_DYNAMIC_NO_PIC = NO;
				GCC_NO_COMMON_BLOCKS = YES;
				GCC_OPTIMIZATION_LEVEL = 0;
				GCC_PREPROCESSOR_DEFINITIONS = (
					"DEBUG=1",
					"$(inherited)",
				);
				GCC_WARN_64_TO_32_BIT_CONVERSION = YES;
				GCC_WARN_ABOUT_RETURN_TYPE = YES_ERROR;
				GCC_WARN_UNDECLARED_SELECTOR = YES;
				GCC_WARN_UNINITIALIZED_AUTOS = YES_AGGRESSIVE;
				GCC_WARN_UNUSED_FUNCTION = YES;
				GCC_WARN_UNUSED_VARIABLE = YES;
				IPHONEOS_DEPLOYMENT_TARGET = 16.1;
				MTL_ENABLE_DEBUG_INFO = INCLUDE_SOURCE;
				MTL_FAST_MATH = YES;
				ONLY_ACTIVE_ARCH = YES;
				SDKROOT = iphoneos;
			};
			name = Debug;
		};
		A4AB662C291E6C0E009F4461 /* Release */ = {
			isa = XCBuildConfiguration;
			buildSettings = {
				ALWAYS_SEARCH_USER_PATHS = NO;
				CLANG_ANALYZER_NONNULL = YES;
				CLANG_ANALYZER_NUMBER_OBJECT_CONVERSION = YES_AGGRESSIVE;
				CLANG_CXX_LANGUAGE_STANDARD = "gnu++20";
				CLANG_ENABLE_MODULES = YES;
				CLANG_ENABLE_OBJC_ARC = YES;
				CLANG_ENABLE_OBJC_WEAK = YES;
				CLANG_WARN_BLOCK_CAPTURE_AUTORELEASING = YES;
				CLANG_WARN_BOOL_CONVERSION = YES;
				CLANG_WARN_COMMA = YES;
				CLANG_WARN_CONSTANT_CONVERSION = YES;
				CLANG_WARN_DEPRECATED_OBJC_IMPLEMENTATIONS = YES;
				CLANG_WARN_DIRECT_OBJC_ISA_USAGE = YES_ERROR;
				CLANG_WARN_DOCUMENTATION_COMMENTS = YES;
				CLANG_WARN_EMPTY_BODY = YES;
				CLANG_WARN_ENUM_CONVERSION = YES;
				CLANG_WARN_INFINITE_RECURSION = YES;
				CLANG_WARN_INT_CONVERSION = YES;
				CLANG_WARN_NON_LITERAL_NULL_CONVERSION = YES;
				CLANG_WARN_OBJC_IMPLICIT_RETAIN_SELF = YES;
				CLANG_WARN_OBJC_LITERAL_CONVERSION = YES;
				CLANG_WARN_OBJC_ROOT_CLASS = YES_ERROR;
				CLANG_WARN_QUOTED_INCLUDE_IN_FRAMEWORK_HEADER = YES;
				CLANG_WARN_RANGE_LOOP_ANALYSIS = YES;
				CLANG_WARN_STRICT_PROTOTYPES = YES;
				CLANG_WARN_SUSPICIOUS_MOVE = YES;
				CLANG_WARN_UNGUARDED_AVAILABILITY = YES_AGGRESSIVE;
				CLANG_WARN_UNREACHABLE_CODE = YES;
				CLANG_WARN__DUPLICATE_METHOD_MATCH = YES;
				COPY_PHASE_STRIP = NO;
				DEBUG_INFORMATION_FORMAT = "dwarf-with-dsym";
				ENABLE_NS_ASSERTIONS = NO;
				ENABLE_STRICT_OBJC_MSGSEND = YES;
				GCC_C_LANGUAGE_STANDARD = gnu11;
				GCC_NO_COMMON_BLOCKS = YES;
				GCC_WARN_64_TO_32_BIT_CONVERSION = YES;
				GCC_WARN_ABOUT_RETURN_TYPE = YES_ERROR;
				GCC_WARN_UNDECLARED_SELECTOR = YES;
				GCC_WARN_UNINITIALIZED_AUTOS = YES_AGGRESSIVE;
				GCC_WARN_UNUSED_FUNCTION = YES;
				GCC_WARN_UNUSED_VARIABLE = YES;
				IPHONEOS_DEPLOYMENT_TARGET = 16.1;
				MTL_ENABLE_DEBUG_INFO = NO;
				MTL_FAST_MATH = YES;
				SDKROOT = iphoneos;
				VALIDATE_PRODUCT = YES;
			};
			name = Release;
		};
		A4AB662E291E6C0E009F4461 /* Debug */ = {
			isa = XCBuildConfiguration;
			buildSettings = {
				ASSETCATALOG_COMPILER_APPICON_NAME = AppIcon;
				ASSETCATALOG_COMPILER_GLOBAL_ACCENT_COLOR_NAME = AccentColor;
				CODE_SIGN_STYLE = Automatic;
				CURRENT_PROJECT_VERSION = 1;
				DEVELOPMENT_TEAM = 2FLYFC2692;
				GENERATE_INFOPLIST_FILE = YES;
				INFOPLIST_FILE = WayApp/Info.plist;
				INFOPLIST_KEY_UIApplicationSupportsIndirectInputEvents = YES;
				INFOPLIST_KEY_UILaunchStoryboardName = LaunchScreen;
				INFOPLIST_KEY_UIMainStoryboardFile = Main;
				INFOPLIST_KEY_UISupportedInterfaceOrientations_iPad = "UIInterfaceOrientationPortrait UIInterfaceOrientationPortraitUpsideDown UIInterfaceOrientationLandscapeLeft UIInterfaceOrientationLandscapeRight";
				INFOPLIST_KEY_UISupportedInterfaceOrientations_iPhone = "UIInterfaceOrientationPortrait UIInterfaceOrientationLandscapeLeft UIInterfaceOrientationLandscapeRight";
				LD_RUNPATH_SEARCH_PATHS = (
					"$(inherited)",
					"@executable_path/Frameworks",
				);
				MARKETING_VERSION = 1.0;
				PRODUCT_BUNDLE_IDENTIFIER = nanosoft.WayApp;
				PRODUCT_NAME = "$(TARGET_NAME)";
				SWIFT_EMIT_LOC_STRINGS = YES;
				TARGETED_DEVICE_FAMILY = "1,2";
			};
			name = Debug;
		};
		A4AB662F291E6C0E009F4461 /* Release */ = {
			isa = XCBuildConfiguration;
			buildSettings = {
				ASSETCATALOG_COMPILER_APPICON_NAME = AppIcon;
				ASSETCATALOG_COMPILER_GLOBAL_ACCENT_COLOR_NAME = AccentColor;
				CODE_SIGN_STYLE = Automatic;
				CURRENT_PROJECT_VERSION = 1;
				DEVELOPMENT_TEAM = 2FLYFC2692;
				GENERATE_INFOPLIST_FILE = YES;
				INFOPLIST_FILE = WayApp/Info.plist;
				INFOPLIST_KEY_UIApplicationSupportsIndirectInputEvents = YES;
				INFOPLIST_KEY_UILaunchStoryboardName = LaunchScreen;
				INFOPLIST_KEY_UIMainStoryboardFile = Main;
				INFOPLIST_KEY_UISupportedInterfaceOrientations_iPad = "UIInterfaceOrientationPortrait UIInterfaceOrientationPortraitUpsideDown UIInterfaceOrientationLandscapeLeft UIInterfaceOrientationLandscapeRight";
				INFOPLIST_KEY_UISupportedInterfaceOrientations_iPhone = "UIInterfaceOrientationPortrait UIInterfaceOrientationLandscapeLeft UIInterfaceOrientationLandscapeRight";
				LD_RUNPATH_SEARCH_PATHS = (
					"$(inherited)",
					"@executable_path/Frameworks",
				);
				MARKETING_VERSION = 1.0;
				PRODUCT_BUNDLE_IDENTIFIER = nanosoft.WayApp;
				PRODUCT_NAME = "$(TARGET_NAME)";
				SWIFT_EMIT_LOC_STRINGS = YES;
				TARGETED_DEVICE_FAMILY = "1,2";
			};
			name = Release;
		};
		A4AB6631291E6C0E009F4461 /* Debug */ = {
			isa = XCBuildConfiguration;
			buildSettings = {
				BUNDLE_LOADER = "$(TEST_HOST)";
				CODE_SIGN_STYLE = Automatic;
				CURRENT_PROJECT_VERSION = 1;
				DEVELOPMENT_TEAM = 2FLYFC2692;
				GENERATE_INFOPLIST_FILE = YES;
				IPHONEOS_DEPLOYMENT_TARGET = 16.1;
				MARKETING_VERSION = 1.0;
				PRODUCT_BUNDLE_IDENTIFIER = nanosoft.WayAppTests;
				PRODUCT_NAME = "$(TARGET_NAME)";
				SWIFT_EMIT_LOC_STRINGS = NO;
				TARGETED_DEVICE_FAMILY = "1,2";
				TEST_HOST = "$(BUILT_PRODUCTS_DIR)/WayApp.app/$(BUNDLE_EXECUTABLE_FOLDER_PATH)/WayApp";
			};
			name = Debug;
		};
		A4AB6632291E6C0E009F4461 /* Release */ = {
			isa = XCBuildConfiguration;
			buildSettings = {
				BUNDLE_LOADER = "$(TEST_HOST)";
				CODE_SIGN_STYLE = Automatic;
				CURRENT_PROJECT_VERSION = 1;
				DEVELOPMENT_TEAM = 2FLYFC2692;
				GENERATE_INFOPLIST_FILE = YES;
				IPHONEOS_DEPLOYMENT_TARGET = 16.1;
				MARKETING_VERSION = 1.0;
				PRODUCT_BUNDLE_IDENTIFIER = nanosoft.WayAppTests;
				PRODUCT_NAME = "$(TARGET_NAME)";
				SWIFT_EMIT_LOC_STRINGS = NO;
				TARGETED_DEVICE_FAMILY = "1,2";
				TEST_HOST = "$(BUILT_PRODUCTS_DIR)/WayApp.app/$(BUNDLE_EXECUTABLE_FOLDER_PATH)/WayApp";
			};
			name = Release;
		};
		A4AB6634291E6C0E009F4461 /* Debug */ = {
			isa = XCBuildConfiguration;
			buildSettings = {
				CODE_SIGN_STYLE = Automatic;
				CURRENT_PROJECT_VERSION = 1;
				DEVELOPMENT_TEAM = 2FLYFC2692;
				GENERATE_INFOPLIST_FILE = YES;
				MARKETING_VERSION = 1.0;
				PRODUCT_BUNDLE_IDENTIFIER = nanosoft.WayAppUITests;
				PRODUCT_NAME = "$(TARGET_NAME)";
				SWIFT_EMIT_LOC_STRINGS = NO;
				TARGETED_DEVICE_FAMILY = "1,2";
				TEST_TARGET_NAME = WayApp;
			};
			name = Debug;
		};
		A4AB6635291E6C0E009F4461 /* Release */ = {
			isa = XCBuildConfiguration;
			buildSettings = {
				CODE_SIGN_STYLE = Automatic;
				CURRENT_PROJECT_VERSION = 1;
				DEVELOPMENT_TEAM = 2FLYFC2692;
				GENERATE_INFOPLIST_FILE = YES;
				MARKETING_VERSION = 1.0;
				PRODUCT_BUNDLE_IDENTIFIER = nanosoft.WayAppUITests;
				PRODUCT_NAME = "$(TARGET_NAME)";
				SWIFT_EMIT_LOC_STRINGS = NO;
				TARGETED_DEVICE_FAMILY = "1,2";
				TEST_TARGET_NAME = WayApp;
			};
			name = Release;
		};
/* End XCBuildConfiguration section */

/* Begin XCConfigurationList section */
		A4AB65F6291E6C08009F4461 /* Build configuration list for PBXProject "WayApp" */ = {
			isa = XCConfigurationList;
			buildConfigurations = (
				A4AB662B291E6C0E009F4461 /* Debug */,
				A4AB662C291E6C0E009F4461 /* Release */,
			);
			defaultConfigurationIsVisible = 0;
			defaultConfigurationName = Release;
		};
		A4AB662D291E6C0E009F4461 /* Build configuration list for PBXNativeTarget "WayApp" */ = {
			isa = XCConfigurationList;
			buildConfigurations = (
				A4AB662E291E6C0E009F4461 /* Debug */,
				A4AB662F291E6C0E009F4461 /* Release */,
			);
			defaultConfigurationIsVisible = 0;
			defaultConfigurationName = Release;
		};
		A4AB6630291E6C0E009F4461 /* Build configuration list for PBXNativeTarget "WayAppTests" */ = {
			isa = XCConfigurationList;
			buildConfigurations = (
				A4AB6631291E6C0E009F4461 /* Debug */,
				A4AB6632291E6C0E009F4461 /* Release */,
			);
			defaultConfigurationIsVisible = 0;
			defaultConfigurationName = Release;
		};
		A4AB6633291E6C0E009F4461 /* Build configuration list for PBXNativeTarget "WayAppUITests" */ = {
			isa = XCConfigurationList;
			buildConfigurations = (
				A4AB6634291E6C0E009F4461 /* Debug */,
				A4AB6635291E6C0E009F4461 /* Release */,
			);
			defaultConfigurationIsVisible = 0;
			defaultConfigurationName = Release;
		};
/* End XCConfigurationList section */

/* Begin XCVersionGroup section */
		A4AB660A291E6C09009F4461 /* WayApp.xcdatamodeld */ = {
			isa = XCVersionGroup;
			children = (
				A4AB660B291E6C09009F4461 /* WayApp.xcdatamodel */,
			);
			currentVersion = A4AB660B291E6C09009F4461 /* WayApp.xcdatamodel */;
			path = WayApp.xcdatamodeld;
			sourceTree = "<group>";
			versionGroupType = wrapper.xcdatamodel;
		};
/* End XCVersionGroup section */
	};
	rootObject = A4AB65F3291E6C08009F4461 /* Project object */;
}
